
Microsoft Visual Studio Solution File, Format Version 12.00
# Visual Studio Version 16
VisualStudioVersion = 16.0.30621.155
MinimumVisualStudioVersion = 10.0.40219.1
Project("{FAE04EC0-301F-11D3-BF4B-00C04F79EFBC}") = "Calculator_Unit_Test", "Calculator_Unit_Test\Calculator_Unit_Test.csproj", "{A387AF50-CB37-4657-861F-7A282DE9196E}"
	ProjectSection(ProjectDependencies) = postProject
		{A54AFC5F-38DD-48ED-9BC8-9FC161482865} = {A54AFC5F-38DD-48ED-9BC8-9FC161482865}
	EndProjectSection
EndProject
Project("{FAE04EC0-301F-11D3-BF4B-00C04F79EFBC}") = "Calculator", "..\Calculator\Calculator\Calculator.csproj", "{A54AFC5F-38DD-48ED-9BC8-9FC161482865}"
EndProject
Global
	GlobalSection(SolutionConfigurationPlatforms) = preSolution
		Debug|Any CPU = Debug|Any CPU
		Release|Any CPU = Release|Any CPU
	EndGlobalSection
	GlobalSection(ProjectConfigurationPlatforms) = postSolution
		{A387AF50-CB37-4657-861F-7A282DE9196E}.Debug|Any CPU.ActiveCfg = Debug|Any CPU
		{A387AF50-CB37-4657-861F-7A282DE9196E}.Debug|Any CPU.Build.0 = Debug|Any CPU
		{A387AF50-CB37-4657-861F-7A282DE9196E}.Release|Any CPU.ActiveCfg = Release|Any CPU
		{A387AF50-CB37-4657-861F-7A282DE9196E}.Release|Any CPU.Build.0 = Release|Any CPU
		{A54AFC5F-38DD-48ED-9BC8-9FC161482865}.Debug|Any CPU.ActiveCfg = Debug|Any CPU
		{A54AFC5F-38DD-48ED-9BC8-9FC161482865}.Debug|Any CPU.Build.0 = Debug|Any CPU
		{A54AFC5F-38DD-48ED-9BC8-9FC161482865}.Release|Any CPU.ActiveCfg = Release|Any CPU
		{A54AFC5F-38DD-48ED-9BC8-9FC161482865}.Release|Any CPU.Build.0 = Release|Any CPU
	EndGlobalSection
	GlobalSection(SolutionProperties) = preSolution
		HideSolutionNode = FALSE
	EndGlobalSection
	GlobalSection(ExtensibilityGlobals) = postSolution
		SolutionGuid = {1C1CFC87-DBB8-461C-BDEE-2BD5BECC9232}
	EndGlobalSection
EndGlobal
